// !$*UTF8*$!
{
	archiveVersion = 1;
	classes = {
	};
	objectVersion = 46;
	objects = {

/* Begin PBXBuildFile section */
		03022B9C1E1F795900EBC50E /* LoginView.xib in Resources */ = {isa = PBXBuildFile; fileRef = 03022B9A1E1F795900EBC50E /* LoginView.xib */; };
		03022B9D1E1F795900EBC50E /* LoginView.swift in Sources */ = {isa = PBXBuildFile; fileRef = 03022B9B1E1F795900EBC50E /* LoginView.swift */; };
		0304E6631E23A7BE00E1BA9D /* AddFriendbyEmailViewController.swift in Sources */ = {isa = PBXBuildFile; fileRef = 0304E6621E23A7BE00E1BA9D /* AddFriendbyEmailViewController.swift */; };
		0304ECE91E2C8F2000A75C2A /* send@1x.png in Resources */ = {isa = PBXBuildFile; fileRef = 0304ECE81E2C8F2000A75C2A /* send@1x.png */; };
		0304ECF01E2CA3B400A75C2A /* backArrow.png in Resources */ = {isa = PBXBuildFile; fileRef = 0304ECEC1E2CA3B400A75C2A /* backArrow.png */; };
		030796351E26167B001C3471 /* AddFriendbyQRcodeViewController.swift in Sources */ = {isa = PBXBuildFile; fileRef = 030796341E26167B001C3471 /* AddFriendbyQRcodeViewController.swift */; };
		030A6F871E2BB9B70074E53F /* FriendListViewController.swift in Sources */ = {isa = PBXBuildFile; fileRef = 030A6F861E2BB9B70074E53F /* FriendListViewController.swift */; };
		030AB8481E2E185400CAFF41 /* AddFriendAccountView.xib in Resources */ = {isa = PBXBuildFile; fileRef = 030AB8471E2E185400CAFF41 /* AddFriendAccountView.xib */; };
		030AB84C1E2E5C3100CAFF41 /* AddFriendAccountViewController.swift in Sources */ = {isa = PBXBuildFile; fileRef = 030AB84B1E2E5C3100CAFF41 /* AddFriendAccountViewController.swift */; };
		030B2A451E233D25009AD521 /* AddFriendbyEmailView.xib in Resources */ = {isa = PBXBuildFile; fileRef = 030B2A441E233D25009AD521 /* AddFriendbyEmailView.xib */; };
		030B2A471E233D73009AD521 /* AddFriendbyEmailView.swift in Sources */ = {isa = PBXBuildFile; fileRef = 030B2A461E233D73009AD521 /* AddFriendbyEmailView.swift */; };
		030B74A61E23702B00B957D7 /* Magnifier.png in Resources */ = {isa = PBXBuildFile; fileRef = 030B74A51E23702B00B957D7 /* Magnifier.png */; };
		030D57CC1E59DEAA00EE1BD9 /* SearchPositionViewController.swift in Sources */ = {isa = PBXBuildFile; fileRef = 030D57CB1E59DEAA00EE1BD9 /* SearchPositionViewController.swift */; };
		030D57D51E59E59100EE1BD9 /* SearchPositionView.xib in Resources */ = {isa = PBXBuildFile; fileRef = 030D57D41E59E59100EE1BD9 /* SearchPositionView.xib */; };
		030D57D71E59E5F900EE1BD9 /* SearchPositionView.swift in Sources */ = {isa = PBXBuildFile; fileRef = 030D57D61E59E5F900EE1BD9 /* SearchPositionView.swift */; };
		030EB3CE1E2713B900F7802A /* AddFriendMainView.xib in Resources */ = {isa = PBXBuildFile; fileRef = 030EB3CD1E2713B900F7802A /* AddFriendMainView.xib */; };
		030EB3D01E2713DE00F7802A /* AddFriendMainView.swift in Sources */ = {isa = PBXBuildFile; fileRef = 030EB3CF1E2713DE00F7802A /* AddFriendMainView.swift */; };
		030EFBF61E21ECBA0004DB62 /* SignUpViewController.swift in Sources */ = {isa = PBXBuildFile; fileRef = 030EFBF51E21ECBA0004DB62 /* SignUpViewController.swift */; };
		030EFBF91E21ED250004DB62 /* SignUpView.xib in Resources */ = {isa = PBXBuildFile; fileRef = 030EFBF71E21ED250004DB62 /* SignUpView.xib */; };
		030EFBFA1E21ED250004DB62 /* SignUpView.swift in Sources */ = {isa = PBXBuildFile; fileRef = 030EFBF81E21ED250004DB62 /* SignUpView.swift */; };
		030EFC001E21F13B0004DB62 /* Main.storyboard in Resources */ = {isa = PBXBuildFile; fileRef = 030EFBFF1E21F13B0004DB62 /* Main.storyboard */; };
		030FC0241E2541EF000D192B /* AddFriendByQRCodeView.xib in Resources */ = {isa = PBXBuildFile; fileRef = 030FC0231E2541EF000D192B /* AddFriendByQRCodeView.xib */; };
		030FC0261E2542F6000D192B /* AddFriendByQRCodeView.swift in Sources */ = {isa = PBXBuildFile; fileRef = 030FC0251E2542F6000D192B /* AddFriendByQRCodeView.swift */; };
		03106FA41E53357F0061933D /* AddFriendAccountView.swift in Sources */ = {isa = PBXBuildFile; fileRef = 03106FA31E53357F0061933D /* AddFriendAccountView.swift */; };
		0311CDC81E3C6FE4005AAB4D /* SettingViewController.swift in Sources */ = {isa = PBXBuildFile; fileRef = 0311CDC71E3C6FE4005AAB4D /* SettingViewController.swift */; };
		0313A4E71E1F973700FEC135 /* FriendInfo.swift in Sources */ = {isa = PBXBuildFile; fileRef = 0313A4E61E1F973700FEC135 /* FriendInfo.swift */; };
		0313A4E91E1F975500FEC135 /* AccountProtocol.swift in Sources */ = {isa = PBXBuildFile; fileRef = 0313A4E81E1F975500FEC135 /* AccountProtocol.swift */; };
		0313A4EC1E1F97F300FEC135 /* Constants.swift in Sources */ = {isa = PBXBuildFile; fileRef = 0313A4EA1E1F97F300FEC135 /* Constants.swift */; };
		0313A4ED1E1F97F300FEC135 /* MyState.swift in Sources */ = {isa = PBXBuildFile; fileRef = 0313A4EB1E1F97F300FEC135 /* MyState.swift */; };
		031AE3F71E2BDC3C00B38E66 /* Message.swift in Sources */ = {isa = PBXBuildFile; fileRef = 031AE3F61E2BDC3C00B38E66 /* Message.swift */; };
		031AE3F91E2BDC4E00B38E66 /* MessageUtility.swift in Sources */ = {isa = PBXBuildFile; fileRef = 031AE3F81E2BDC4E00B38E66 /* MessageUtility.swift */; };
		031AE3FB1E2BDC8800B38E66 /* MessageViewController.swift in Sources */ = {isa = PBXBuildFile; fileRef = 031AE3FA1E2BDC8800B38E66 /* MessageViewController.swift */; };
		031AE3FD1E2BDC9000B38E66 /* InvitationViewController.swift in Sources */ = {isa = PBXBuildFile; fileRef = 031AE3FC1E2BDC9000B38E66 /* InvitationViewController.swift */; };
		031AE4001E2BDCD300B38E66 /* SendMessageHeaderView.xib in Resources */ = {isa = PBXBuildFile; fileRef = 031AE3FE1E2BDCD300B38E66 /* SendMessageHeaderView.xib */; };
		031AE4011E2BDCD300B38E66 /* SendMessageHeaderView.swift in Sources */ = {isa = PBXBuildFile; fileRef = 031AE3FF1E2BDCD300B38E66 /* SendMessageHeaderView.swift */; };
		0323ED611E52EEEC00A442B2 /* Find01.png in Resources */ = {isa = PBXBuildFile; fileRef = 0323ED601E52EEEC00A442B2 /* Find01.png */; };
		0323ED631E52F58100A442B2 /* qr-code.png in Resources */ = {isa = PBXBuildFile; fileRef = 0323ED621E52F58100A442B2 /* qr-code.png */; };
		0349AF6E1E0968330071670F /* MapViewController.swift in Sources */ = {isa = PBXBuildFile; fileRef = 0349AF6D1E0968330071670F /* MapViewController.swift */; };
		0349AF701E099E8C0071670F /* CustomSegueToMap.swift in Sources */ = {isa = PBXBuildFile; fileRef = 0349AF6F1E099E8C0071670F /* CustomSegueToMap.swift */; };
		034EB29F1E66924F00044A14 /* FirebaseAuth.swift in Sources */ = {isa = PBXBuildFile; fileRef = 034EB29E1E66924F00044A14 /* FirebaseAuth.swift */; };
		034EB2A11E6692FE00044A14 /* MyFireBase.swift in Sources */ = {isa = PBXBuildFile; fileRef = 034EB2A01E6692FE00044A14 /* MyFireBase.swift */; };
		034EB2A31E6699D200044A14 /* AuthProtocol.swift in Sources */ = {isa = PBXBuildFile; fileRef = 034EB2A21E6699D200044A14 /* AuthProtocol.swift */; };
		034EB2A51E669D1800044A14 /* MyUser.swift in Sources */ = {isa = PBXBuildFile; fileRef = 034EB2A41E669D1800044A14 /* MyUser.swift */; };
		034EB2A71E66B70E00044A14 /* Myprofile.swift in Sources */ = {isa = PBXBuildFile; fileRef = 034EB2A61E66B70E00044A14 /* Myprofile.swift */; };
		034EB2A91E66C83300044A14 /*  Database.swift in Sources */ = {isa = PBXBuildFile; fileRef = 034EB2A81E66C83300044A14 /*  Database.swift */; };
		034EB2AB1E672BCD00044A14 /* FriendshipProtocol.swift in Sources */ = {isa = PBXBuildFile; fileRef = 034EB2AA1E672BCD00044A14 /* FriendshipProtocol.swift */; };
		034EB2AD1E6742FE00044A14 /* FirebaseFriend.swift in Sources */ = {isa = PBXBuildFile; fileRef = 034EB2AC1E6742FE00044A14 /* FirebaseFriend.swift */; };
		03646A101E1B727C00A3910A /* MyQRCodeViewController.swift in Sources */ = {isa = PBXBuildFile; fileRef = 03646A0F1E1B727C00A3910A /* MyQRCodeViewController.swift */; };
		03646A121E1B843E00A3910A /* QRcodeScannerView.swift in Sources */ = {isa = PBXBuildFile; fileRef = 03646A111E1B843E00A3910A /* QRcodeScannerView.swift */; };
		036B8B5A1E6859A0001D2100 /* QRCodeProtocel.swift in Sources */ = {isa = PBXBuildFile; fileRef = 036B8B591E6859A0001D2100 /* QRCodeProtocel.swift */; };
		03712B671E44859C006E8512 /* userLogo.png in Resources */ = {isa = PBXBuildFile; fileRef = 03712B661E44859C006E8512 /* userLogo.png */; };
		038B5F361E68586200197111 /* QRCodeScanner.swift in Sources */ = {isa = PBXBuildFile; fileRef = 038B5F351E68586200197111 /* QRCodeScanner.swift */; };
		03914BC71E1A02FB002DDA3D /* AddFriendsViewController.swift in Sources */ = {isa = PBXBuildFile; fileRef = 03914BC61E1A02FB002DDA3D /* AddFriendsViewController.swift */; };
		03AA41F11E265AB800BF5352 /* MyQRCodeView.swift in Sources */ = {isa = PBXBuildFile; fileRef = 03AA41F01E265AB800BF5352 /* MyQRCodeView.swift */; };
		03AA41F51E26A2B600BF5352 /* MyQRCodeView.xib in Resources */ = {isa = PBXBuildFile; fileRef = 03AA41F41E26A2B600BF5352 /* MyQRCodeView.xib */; };
		03ACE3A11DF93EC600B1AF84 /* GoogleService-Info.plist in Resources */ = {isa = PBXBuildFile; fileRef = 03ACE3A01DF93EC600B1AF84 /* GoogleService-Info.plist */; };
		03B5C0DA1E18A6D80024DD1D /* ContactsListTableViewController.swift in Sources */ = {isa = PBXBuildFile; fileRef = 03B5C0D91E18A6D80024DD1D /* ContactsListTableViewController.swift */; };
		03CD69651E1CCB7500A22177 /* AVFoundation.framework in Frameworks */ = {isa = PBXBuildFile; fileRef = 03CD69641E1CCB7500A22177 /* AVFoundation.framework */; };
		03CEE71F1DF8F4DD00745306 /* AppDelegate.swift in Sources */ = {isa = PBXBuildFile; fileRef = 03CEE71E1DF8F4DD00745306 /* AppDelegate.swift */; };
		03CEE7271DF8F4DD00745306 /* Messaging_APP.xcdatamodeld in Sources */ = {isa = PBXBuildFile; fileRef = 03CEE7251DF8F4DD00745306 /* Messaging_APP.xcdatamodeld */; };
		03CEE7291DF8F4DD00745306 /* Assets.xcassets in Resources */ = {isa = PBXBuildFile; fileRef = 03CEE7281DF8F4DD00745306 /* Assets.xcassets */; };
		03CEE72C1DF8F4DD00745306 /* LaunchScreen.storyboard in Resources */ = {isa = PBXBuildFile; fileRef = 03CEE72A1DF8F4DD00745306 /* LaunchScreen.storyboard */; };
		03CEE7371DF8F4DD00745306 /* Messaging_APPTests.swift in Sources */ = {isa = PBXBuildFile; fileRef = 03CEE7361DF8F4DD00745306 /* Messaging_APPTests.swift */; };
		03CEE7421DF8F4DD00745306 /* Messaging_APPUITests.swift in Sources */ = {isa = PBXBuildFile; fileRef = 03CEE7411DF8F4DD00745306 /* Messaging_APPUITests.swift */; };
		03E251DA1E0133E600424511 /* LoginViewController.swift in Sources */ = {isa = PBXBuildFile; fileRef = 03E251D91E0133E600424511 /* LoginViewController.swift */; };
		03E90A461E02B25900EA7DEC /* NewRegisterViewController.swift in Sources */ = {isa = PBXBuildFile; fileRef = 03E90A451E02B25900EA7DEC /* NewRegisterViewController.swift */; };
		425EA4DD0265F0531A8BFAE0 /* Pods_Messaging_APP.framework in Frameworks */ = {isa = PBXBuildFile; fileRef = D240D5BA988CD0616AF0DB2C /* Pods_Messaging_APP.framework */; };
		86F66067D29A4D7F03BB32A7 /* Pods_Messaging_APPTests.framework in Frameworks */ = {isa = PBXBuildFile; fileRef = 49851DF1FB656D0F81880B01 /* Pods_Messaging_APPTests.framework */; };
		BA0C4F20B9695E0A24E48FFA /* Pods_Messaging_APPUITests.framework in Frameworks */ = {isa = PBXBuildFile; fileRef = DB8BBF4C844DFFE941629BEE /* Pods_Messaging_APPUITests.framework */; };
/* End PBXBuildFile section */

/* Begin PBXContainerItemProxy section */
		03CEE7331DF8F4DD00745306 /* PBXContainerItemProxy */ = {
			isa = PBXContainerItemProxy;
			containerPortal = 03CEE7131DF8F4DD00745306 /* Project object */;
			proxyType = 1;
			remoteGlobalIDString = 03CEE71A1DF8F4DD00745306;
			remoteInfo = "Messaging APP";
		};
		03CEE73E1DF8F4DD00745306 /* PBXContainerItemProxy */ = {
			isa = PBXContainerItemProxy;
			containerPortal = 03CEE7131DF8F4DD00745306 /* Project object */;
			proxyType = 1;
			remoteGlobalIDString = 03CEE71A1DF8F4DD00745306;
			remoteInfo = "Messaging APP";
		};
/* End PBXContainerItemProxy section */

/* Begin PBXFileReference section */
		03022B9A1E1F795900EBC50E /* LoginView.xib */ = {isa = PBXFileReference; fileEncoding = 4; lastKnownFileType = file.xib; name = LoginView.xib; path = "Messaging APP/LoginView.xib"; sourceTree = "<group>"; };
		03022B9B1E1F795900EBC50E /* LoginView.swift */ = {isa = PBXFileReference; fileEncoding = 4; lastKnownFileType = sourcecode.swift; name = LoginView.swift; path = "Messaging APP/LoginView.swift"; sourceTree = "<group>"; };
		0304E6621E23A7BE00E1BA9D /* AddFriendbyEmailViewController.swift */ = {isa = PBXFileReference; fileEncoding = 4; lastKnownFileType = sourcecode.swift; name = AddFriendbyEmailViewController.swift; path = ../AddFriendbyEmailViewController.swift; sourceTree = "<group>"; };
		0304ECE81E2C8F2000A75C2A /* send@1x.png */ = {isa = PBXFileReference; lastKnownFileType = image.png; path = "send@1x.png"; sourceTree = "<group>"; };
		0304ECEC1E2CA3B400A75C2A /* backArrow.png */ = {isa = PBXFileReference; lastKnownFileType = image.png; name = backArrow.png; path = backArrow.imageset/backArrow.png; sourceTree = "<group>"; };
		030796341E26167B001C3471 /* AddFriendbyQRcodeViewController.swift */ = {isa = PBXFileReference; fileEncoding = 4; lastKnownFileType = sourcecode.swift; name = AddFriendbyQRcodeViewController.swift; path = ../AddFriendbyQRcodeViewController.swift; sourceTree = "<group>"; };
		030A6F861E2BB9B70074E53F /* FriendListViewController.swift */ = {isa = PBXFileReference; fileEncoding = 4; lastKnownFileType = sourcecode.swift; path = FriendListViewController.swift; sourceTree = "<group>"; };
		030AB8471E2E185400CAFF41 /* AddFriendAccountView.xib */ = {isa = PBXFileReference; fileEncoding = 4; lastKnownFileType = file.xib; path = AddFriendAccountView.xib; sourceTree = "<group>"; };
		030AB84B1E2E5C3100CAFF41 /* AddFriendAccountViewController.swift */ = {isa = PBXFileReference; fileEncoding = 4; lastKnownFileType = sourcecode.swift; path = AddFriendAccountViewController.swift; sourceTree = "<group>"; };
		030B2A441E233D25009AD521 /* AddFriendbyEmailView.xib */ = {isa = PBXFileReference; fileEncoding = 4; lastKnownFileType = file.xib; path = AddFriendbyEmailView.xib; sourceTree = "<group>"; };
		030B2A461E233D73009AD521 /* AddFriendbyEmailView.swift */ = {isa = PBXFileReference; fileEncoding = 4; lastKnownFileType = sourcecode.swift; path = AddFriendbyEmailView.swift; sourceTree = "<group>"; };
		030B74A51E23702B00B957D7 /* Magnifier.png */ = {isa = PBXFileReference; lastKnownFileType = image.png; path = Magnifier.png; sourceTree = "<group>"; };
		030D57CB1E59DEAA00EE1BD9 /* SearchPositionViewController.swift */ = {isa = PBXFileReference; fileEncoding = 4; lastKnownFileType = sourcecode.swift; path = SearchPositionViewController.swift; sourceTree = "<group>"; };
		030D57D41E59E59100EE1BD9 /* SearchPositionView.xib */ = {isa = PBXFileReference; fileEncoding = 4; lastKnownFileType = file.xib; path = SearchPositionView.xib; sourceTree = "<group>"; };
		030D57D61E59E5F900EE1BD9 /* SearchPositionView.swift */ = {isa = PBXFileReference; fileEncoding = 4; lastKnownFileType = sourcecode.swift; path = SearchPositionView.swift; sourceTree = "<group>"; };
		030EB3CD1E2713B900F7802A /* AddFriendMainView.xib */ = {isa = PBXFileReference; fileEncoding = 4; lastKnownFileType = file.xib; path = AddFriendMainView.xib; sourceTree = "<group>"; };
		030EB3CF1E2713DE00F7802A /* AddFriendMainView.swift */ = {isa = PBXFileReference; fileEncoding = 4; lastKnownFileType = sourcecode.swift; path = AddFriendMainView.swift; sourceTree = "<group>"; };
		030EFBF51E21ECBA0004DB62 /* SignUpViewController.swift */ = {isa = PBXFileReference; fileEncoding = 4; lastKnownFileType = sourcecode.swift; path = SignUpViewController.swift; sourceTree = "<group>"; };
		030EFBF71E21ED250004DB62 /* SignUpView.xib */ = {isa = PBXFileReference; fileEncoding = 4; lastKnownFileType = file.xib; path = SignUpView.xib; sourceTree = "<group>"; };
		030EFBF81E21ED250004DB62 /* SignUpView.swift */ = {isa = PBXFileReference; fileEncoding = 4; lastKnownFileType = sourcecode.swift; path = SignUpView.swift; sourceTree = "<group>"; };
		030EFBFF1E21F13B0004DB62 /* Main.storyboard */ = {isa = PBXFileReference; fileEncoding = 4; lastKnownFileType = file.storyboard; path = Main.storyboard; sourceTree = "<group>"; };
		030FC0231E2541EF000D192B /* AddFriendByQRCodeView.xib */ = {isa = PBXFileReference; fileEncoding = 4; lastKnownFileType = file.xib; path = AddFriendByQRCodeView.xib; sourceTree = "<group>"; };
		030FC0251E2542F6000D192B /* AddFriendByQRCodeView.swift */ = {isa = PBXFileReference; fileEncoding = 4; lastKnownFileType = sourcecode.swift; path = AddFriendByQRCodeView.swift; sourceTree = "<group>"; };
		03106FA31E53357F0061933D /* AddFriendAccountView.swift */ = {isa = PBXFileReference; fileEncoding = 4; lastKnownFileType = sourcecode.swift; path = AddFriendAccountView.swift; sourceTree = "<group>"; };
		0311CDC71E3C6FE4005AAB4D /* SettingViewController.swift */ = {isa = PBXFileReference; fileEncoding = 4; lastKnownFileType = sourcecode.swift; name = SettingViewController.swift; path = ../SettingViewController.swift; sourceTree = "<group>"; };
		0313A4E61E1F973700FEC135 /* FriendInfo.swift */ = {isa = PBXFileReference; fileEncoding = 4; lastKnownFileType = sourcecode.swift; path = FriendInfo.swift; sourceTree = "<group>"; };
		0313A4E81E1F975500FEC135 /* AccountProtocol.swift */ = {isa = PBXFileReference; fileEncoding = 4; lastKnownFileType = sourcecode.swift; path = AccountProtocol.swift; sourceTree = "<group>"; };
		0313A4EA1E1F97F300FEC135 /* Constants.swift */ = {isa = PBXFileReference; fileEncoding = 4; lastKnownFileType = sourcecode.swift; path = Constants.swift; sourceTree = "<group>"; };
		0313A4EB1E1F97F300FEC135 /* MyState.swift */ = {isa = PBXFileReference; fileEncoding = 4; lastKnownFileType = sourcecode.swift; path = MyState.swift; sourceTree = "<group>"; };
		031AE3F61E2BDC3C00B38E66 /* Message.swift */ = {isa = PBXFileReference; fileEncoding = 4; lastKnownFileType = sourcecode.swift; path = Message.swift; sourceTree = "<group>"; };
		031AE3F81E2BDC4E00B38E66 /* MessageUtility.swift */ = {isa = PBXFileReference; fileEncoding = 4; lastKnownFileType = sourcecode.swift; path = MessageUtility.swift; sourceTree = "<group>"; };
		031AE3FA1E2BDC8800B38E66 /* MessageViewController.swift */ = {isa = PBXFileReference; fileEncoding = 4; lastKnownFileType = sourcecode.swift; path = MessageViewController.swift; sourceTree = "<group>"; };
		031AE3FC1E2BDC9000B38E66 /* InvitationViewController.swift */ = {isa = PBXFileReference; fileEncoding = 4; lastKnownFileType = sourcecode.swift; path = InvitationViewController.swift; sourceTree = "<group>"; };
		031AE3FE1E2BDCD300B38E66 /* SendMessageHeaderView.xib */ = {isa = PBXFileReference; fileEncoding = 4; lastKnownFileType = file.xib; path = SendMessageHeaderView.xib; sourceTree = "<group>"; };
		031AE3FF1E2BDCD300B38E66 /* SendMessageHeaderView.swift */ = {isa = PBXFileReference; fileEncoding = 4; lastKnownFileType = sourcecode.swift; path = SendMessageHeaderView.swift; sourceTree = "<group>"; };
		0323ED601E52EEEC00A442B2 /* Find01.png */ = {isa = PBXFileReference; lastKnownFileType = image.png; path = Find01.png; sourceTree = "<group>"; };
		0323ED621E52F58100A442B2 /* qr-code.png */ = {isa = PBXFileReference; lastKnownFileType = image.png; path = "qr-code.png"; sourceTree = "<group>"; };
		0349AF6D1E0968330071670F /* MapViewController.swift */ = {isa = PBXFileReference; fileEncoding = 4; lastKnownFileType = sourcecode.swift; path = MapViewController.swift; sourceTree = "<group>"; };
		0349AF6F1E099E8C0071670F /* CustomSegueToMap.swift */ = {isa = PBXFileReference; fileEncoding = 4; lastKnownFileType = sourcecode.swift; path = CustomSegueToMap.swift; sourceTree = "<group>"; };
		034EB29E1E66924F00044A14 /* FirebaseAuth.swift */ = {isa = PBXFileReference; fileEncoding = 4; lastKnownFileType = sourcecode.swift; path = FirebaseAuth.swift; sourceTree = "<group>"; };
		034EB2A01E6692FE00044A14 /* MyFireBase.swift */ = {isa = PBXFileReference; fileEncoding = 4; lastKnownFileType = sourcecode.swift; path = MyFireBase.swift; sourceTree = "<group>"; };
		034EB2A21E6699D200044A14 /* AuthProtocol.swift */ = {isa = PBXFileReference; fileEncoding = 4; lastKnownFileType = sourcecode.swift; path = AuthProtocol.swift; sourceTree = "<group>"; };
		034EB2A41E669D1800044A14 /* MyUser.swift */ = {isa = PBXFileReference; fileEncoding = 4; lastKnownFileType = sourcecode.swift; path = MyUser.swift; sourceTree = "<group>"; };
		034EB2A61E66B70E00044A14 /* Myprofile.swift */ = {isa = PBXFileReference; fileEncoding = 4; lastKnownFileType = sourcecode.swift; path = Myprofile.swift; sourceTree = "<group>"; };
		034EB2A81E66C83300044A14 /*  Database.swift */ = {isa = PBXFileReference; fileEncoding = 4; lastKnownFileType = sourcecode.swift; name = " Database.swift"; path = "../ Database.swift"; sourceTree = "<group>"; };
		034EB2AA1E672BCD00044A14 /* FriendshipProtocol.swift */ = {isa = PBXFileReference; fileEncoding = 4; lastKnownFileType = sourcecode.swift; path = FriendshipProtocol.swift; sourceTree = "<group>"; };
		034EB2AC1E6742FE00044A14 /* FirebaseFriend.swift */ = {isa = PBXFileReference; fileEncoding = 4; lastKnownFileType = sourcecode.swift; path = FirebaseFriend.swift; sourceTree = "<group>"; };
		03646A0F1E1B727C00A3910A /* MyQRCodeViewController.swift */ = {isa = PBXFileReference; fileEncoding = 4; lastKnownFileType = sourcecode.swift; path = MyQRCodeViewController.swift; sourceTree = "<group>"; };
		03646A111E1B843E00A3910A /* QRcodeScannerView.swift */ = {isa = PBXFileReference; fileEncoding = 4; lastKnownFileType = sourcecode.swift; path = QRcodeScannerView.swift; sourceTree = "<group>"; };
		036B8B591E6859A0001D2100 /* QRCodeProtocel.swift */ = {isa = PBXFileReference; fileEncoding = 4; lastKnownFileType = sourcecode.swift; path = QRCodeProtocel.swift; sourceTree = "<group>"; };
		03712B661E44859C006E8512 /* userLogo.png */ = {isa = PBXFileReference; lastKnownFileType = image.png; path = userLogo.png; sourceTree = "<group>"; };
		038B5F351E68586200197111 /* QRCodeScanner.swift */ = {isa = PBXFileReference; fileEncoding = 4; lastKnownFileType = sourcecode.swift; path = QRCodeScanner.swift; sourceTree = "<group>"; };
		03914BC61E1A02FB002DDA3D /* AddFriendsViewController.swift */ = {isa = PBXFileReference; fileEncoding = 4; lastKnownFileType = sourcecode.swift; path = AddFriendsViewController.swift; sourceTree = "<group>"; };
		03AA41F01E265AB800BF5352 /* MyQRCodeView.swift */ = {isa = PBXFileReference; fileEncoding = 4; lastKnownFileType = sourcecode.swift; path = MyQRCodeView.swift; sourceTree = "<group>"; };
		03AA41F41E26A2B600BF5352 /* MyQRCodeView.xib */ = {isa = PBXFileReference; fileEncoding = 4; lastKnownFileType = file.xib; path = MyQRCodeView.xib; sourceTree = "<group>"; };
		03ACE3A01DF93EC600B1AF84 /* GoogleService-Info.plist */ = {isa = PBXFileReference; fileEncoding = 4; lastKnownFileType = text.plist.xml; path = "GoogleService-Info.plist"; sourceTree = "<group>"; };
		03B5C0D91E18A6D80024DD1D /* ContactsListTableViewController.swift */ = {isa = PBXFileReference; fileEncoding = 4; lastKnownFileType = sourcecode.swift; path = ContactsListTableViewController.swift; sourceTree = "<group>"; };
		03C75F8D1DFFD948007B7736 /* Messaging APP.entitlements */ = {isa = PBXFileReference; lastKnownFileType = text.plist.entitlements; path = "Messaging APP.entitlements"; sourceTree = "<group>"; };
		03CD69641E1CCB7500A22177 /* AVFoundation.framework */ = {isa = PBXFileReference; lastKnownFileType = wrapper.framework; name = AVFoundation.framework; path = System/Library/Frameworks/AVFoundation.framework; sourceTree = SDKROOT; };
		03CEE71B1DF8F4DD00745306 /* Messaging APP.app */ = {isa = PBXFileReference; explicitFileType = wrapper.application; includeInIndex = 0; path = "Messaging APP.app"; sourceTree = BUILT_PRODUCTS_DIR; };
		03CEE71E1DF8F4DD00745306 /* AppDelegate.swift */ = {isa = PBXFileReference; lastKnownFileType = sourcecode.swift; path = AppDelegate.swift; sourceTree = "<group>"; };
		03CEE7261DF8F4DD00745306 /* Messaging_APP.xcdatamodel */ = {isa = PBXFileReference; lastKnownFileType = wrapper.xcdatamodel; path = Messaging_APP.xcdatamodel; sourceTree = "<group>"; };
		03CEE7281DF8F4DD00745306 /* Assets.xcassets */ = {isa = PBXFileReference; lastKnownFileType = folder.assetcatalog; path = Assets.xcassets; sourceTree = "<group>"; };
		03CEE72B1DF8F4DD00745306 /* Base */ = {isa = PBXFileReference; lastKnownFileType = file.storyboard; name = Base; path = Base.lproj/LaunchScreen.storyboard; sourceTree = "<group>"; };
		03CEE72D1DF8F4DD00745306 /* Info.plist */ = {isa = PBXFileReference; lastKnownFileType = text.plist.xml; path = Info.plist; sourceTree = "<group>"; };
		03CEE7321DF8F4DD00745306 /* Messaging APPTests.xctest */ = {isa = PBXFileReference; explicitFileType = wrapper.cfbundle; includeInIndex = 0; path = "Messaging APPTests.xctest"; sourceTree = BUILT_PRODUCTS_DIR; };
		03CEE7361DF8F4DD00745306 /* Messaging_APPTests.swift */ = {isa = PBXFileReference; lastKnownFileType = sourcecode.swift; path = Messaging_APPTests.swift; sourceTree = "<group>"; };
		03CEE7381DF8F4DD00745306 /* Info.plist */ = {isa = PBXFileReference; lastKnownFileType = text.plist.xml; path = Info.plist; sourceTree = "<group>"; };
		03CEE73D1DF8F4DD00745306 /* Messaging APPUITests.xctest */ = {isa = PBXFileReference; explicitFileType = wrapper.cfbundle; includeInIndex = 0; path = "Messaging APPUITests.xctest"; sourceTree = BUILT_PRODUCTS_DIR; };
		03CEE7411DF8F4DD00745306 /* Messaging_APPUITests.swift */ = {isa = PBXFileReference; lastKnownFileType = sourcecode.swift; path = Messaging_APPUITests.swift; sourceTree = "<group>"; };
		03CEE7431DF8F4DD00745306 /* Info.plist */ = {isa = PBXFileReference; lastKnownFileType = text.plist.xml; path = Info.plist; sourceTree = "<group>"; };
		03E251D91E0133E600424511 /* LoginViewController.swift */ = {isa = PBXFileReference; fileEncoding = 4; lastKnownFileType = sourcecode.swift; name = LoginViewController.swift; path = ../LoginViewController.swift; sourceTree = "<group>"; };
		03E90A451E02B25900EA7DEC /* NewRegisterViewController.swift */ = {isa = PBXFileReference; fileEncoding = 4; lastKnownFileType = sourcecode.swift; path = NewRegisterViewController.swift; sourceTree = "<group>"; };
		11D4B6B9253F09D81A066AAF /* Pods-Messaging APP.release.xcconfig */ = {isa = PBXFileReference; includeInIndex = 1; lastKnownFileType = text.xcconfig; name = "Pods-Messaging APP.release.xcconfig"; path = "Pods/Target Support Files/Pods-Messaging APP/Pods-Messaging APP.release.xcconfig"; sourceTree = "<group>"; };
		21FB5A2CB7979F2CDEC33F1B /* Pods-Messaging APPTests.release.xcconfig */ = {isa = PBXFileReference; includeInIndex = 1; lastKnownFileType = text.xcconfig; name = "Pods-Messaging APPTests.release.xcconfig"; path = "Pods/Target Support Files/Pods-Messaging APPTests/Pods-Messaging APPTests.release.xcconfig"; sourceTree = "<group>"; };
		30AC5538FCCE4431C6864CFA /* Pods-Messaging APP.debug.xcconfig */ = {isa = PBXFileReference; includeInIndex = 1; lastKnownFileType = text.xcconfig; name = "Pods-Messaging APP.debug.xcconfig"; path = "Pods/Target Support Files/Pods-Messaging APP/Pods-Messaging APP.debug.xcconfig"; sourceTree = "<group>"; };
		49851DF1FB656D0F81880B01 /* Pods_Messaging_APPTests.framework */ = {isa = PBXFileReference; explicitFileType = wrapper.framework; includeInIndex = 0; path = Pods_Messaging_APPTests.framework; sourceTree = BUILT_PRODUCTS_DIR; };
		9ED18DE4147DC080FC2BD05C /* Pods-Messaging APPUITests.debug.xcconfig */ = {isa = PBXFileReference; includeInIndex = 1; lastKnownFileType = text.xcconfig; name = "Pods-Messaging APPUITests.debug.xcconfig"; path = "Pods/Target Support Files/Pods-Messaging APPUITests/Pods-Messaging APPUITests.debug.xcconfig"; sourceTree = "<group>"; };
		D240D5BA988CD0616AF0DB2C /* Pods_Messaging_APP.framework */ = {isa = PBXFileReference; explicitFileType = wrapper.framework; includeInIndex = 0; path = Pods_Messaging_APP.framework; sourceTree = BUILT_PRODUCTS_DIR; };
		DB8BBF4C844DFFE941629BEE /* Pods_Messaging_APPUITests.framework */ = {isa = PBXFileReference; explicitFileType = wrapper.framework; includeInIndex = 0; path = Pods_Messaging_APPUITests.framework; sourceTree = BUILT_PRODUCTS_DIR; };
		DF22D49A548F96CBEF136F27 /* Pods-Messaging APPUITests.release.xcconfig */ = {isa = PBXFileReference; includeInIndex = 1; lastKnownFileType = text.xcconfig; name = "Pods-Messaging APPUITests.release.xcconfig"; path = "Pods/Target Support Files/Pods-Messaging APPUITests/Pods-Messaging APPUITests.release.xcconfig"; sourceTree = "<group>"; };
		EB69C3FB0D5D9E9AD3E6527A /* Pods-Messaging APPTests.debug.xcconfig */ = {isa = PBXFileReference; includeInIndex = 1; lastKnownFileType = text.xcconfig; name = "Pods-Messaging APPTests.debug.xcconfig"; path = "Pods/Target Support Files/Pods-Messaging APPTests/Pods-Messaging APPTests.debug.xcconfig"; sourceTree = "<group>"; };
/* End PBXFileReference section */

/* Begin PBXFrameworksBuildPhase section */
		03CEE7181DF8F4DD00745306 /* Frameworks */ = {
			isa = PBXFrameworksBuildPhase;
			buildActionMask = 2147483647;
			files = (
				03CD69651E1CCB7500A22177 /* AVFoundation.framework in Frameworks */,
				425EA4DD0265F0531A8BFAE0 /* Pods_Messaging_APP.framework in Frameworks */,
			);
			runOnlyForDeploymentPostprocessing = 0;
		};
		03CEE72F1DF8F4DD00745306 /* Frameworks */ = {
			isa = PBXFrameworksBuildPhase;
			buildActionMask = 2147483647;
			files = (
				86F66067D29A4D7F03BB32A7 /* Pods_Messaging_APPTests.framework in Frameworks */,
			);
			runOnlyForDeploymentPostprocessing = 0;
		};
		03CEE73A1DF8F4DD00745306 /* Frameworks */ = {
			isa = PBXFrameworksBuildPhase;
			buildActionMask = 2147483647;
			files = (
				BA0C4F20B9695E0A24E48FFA /* Pods_Messaging_APPUITests.framework in Frameworks */,
			);
			runOnlyForDeploymentPostprocessing = 0;
		};
/* End PBXFrameworksBuildPhase section */

/* Begin PBXGroup section */
		030983421E27258A00429269 /* LoginView */ = {
			isa = PBXGroup;
			children = (
				03E251D91E0133E600424511 /* LoginViewController.swift */,
				030EFBF51E21ECBA0004DB62 /* SignUpViewController.swift */,
				030A6F861E2BB9B70074E53F /* FriendListViewController.swift */,
				031AE3FC1E2BDC9000B38E66 /* InvitationViewController.swift */,
				034EB2AA1E672BCD00044A14 /* FriendshipProtocol.swift */,
			);
			name = LoginView;
			sourceTree = "<group>";
		};
		030983431E2725A900429269 /* LoginView */ = {
			isa = PBXGroup;
			children = (
				03022B9A1E1F795900EBC50E /* LoginView.xib */,
				03022B9B1E1F795900EBC50E /* LoginView.swift */,
				030EFBF71E21ED250004DB62 /* SignUpView.xib */,
				030EFBF81E21ED250004DB62 /* SignUpView.swift */,
				031AE3FE1E2BDCD300B38E66 /* SendMessageHeaderView.xib */,
				031AE3FF1E2BDCD300B38E66 /* SendMessageHeaderView.swift */,
			);
			name = LoginView;
			sourceTree = "<group>";
		};
		030B74A01E236DE300B957D7 /* image */ = {
			isa = PBXGroup;
			children = (
				030B74A51E23702B00B957D7 /* Magnifier.png */,
				0323ED601E52EEEC00A442B2 /* Find01.png */,
				0323ED621E52F58100A442B2 /* qr-code.png */,
				0304ECE81E2C8F2000A75C2A /* send@1x.png */,
				03712B661E44859C006E8512 /* userLogo.png */,
				0304ECEC1E2CA3B400A75C2A /* backArrow.png */,
			);
			name = image;
			sourceTree = "<group>";
		};
		030B7CA61E1E4C5E00F519BF /* Protocol */ = {
			isa = PBXGroup;
			children = (
				0313A4E81E1F975500FEC135 /* AccountProtocol.swift */,
				034EB2A21E6699D200044A14 /* AuthProtocol.swift */,
				036B8B591E6859A0001D2100 /* QRCodeProtocel.swift */,
			);
			name = Protocol;
			sourceTree = "<group>";
		};
		030D57CE1E59E16500EE1BD9 /* SendMessage */ = {
			isa = PBXGroup;
			children = (
				031AE3FA1E2BDC8800B38E66 /* MessageViewController.swift */,
				030D57CB1E59DEAA00EE1BD9 /* SearchPositionViewController.swift */,
				0349AF6D1E0968330071670F /* MapViewController.swift */,
			);
			name = SendMessage;
			sourceTree = "<group>";
		};
		030D57CF1E59E19000EE1BD9 /* SendMessage */ = {
			isa = PBXGroup;
			children = (
				030D57D41E59E59100EE1BD9 /* SearchPositionView.xib */,
				030D57D61E59E5F900EE1BD9 /* SearchPositionView.swift */,
			);
			name = SendMessage;
			sourceTree = "<group>";
		};
		030EB3D11E2713FD00F7802A /* addFriends */ = {
			isa = PBXGroup;
			children = (
				030B2A441E233D25009AD521 /* AddFriendbyEmailView.xib */,
				030B2A461E233D73009AD521 /* AddFriendbyEmailView.swift */,
				030FC0231E2541EF000D192B /* AddFriendByQRCodeView.xib */,
				030FC0251E2542F6000D192B /* AddFriendByQRCodeView.swift */,
				03AA41F41E26A2B600BF5352 /* MyQRCodeView.xib */,
				03AA41F01E265AB800BF5352 /* MyQRCodeView.swift */,
				030EB3CD1E2713B900F7802A /* AddFriendMainView.xib */,
				030EB3CF1E2713DE00F7802A /* AddFriendMainView.swift */,
				030AB8471E2E185400CAFF41 /* AddFriendAccountView.xib */,
				03106FA31E53357F0061933D /* AddFriendAccountView.swift */,
			);
			name = addFriends;
			sourceTree = "<group>";
		};
		030EFBF31E21E35F0004DB62 /* View */ = {
			isa = PBXGroup;
			children = (
				030983431E2725A900429269 /* LoginView */,
				030D57CF1E59E19000EE1BD9 /* SendMessage */,
				030EB3D11E2713FD00F7802A /* addFriends */,
			);
			name = View;
			path = ..;
			sourceTree = "<group>";
		};
		030EFBF41E21E58E0004DB62 /* ViewController */ = {
			isa = PBXGroup;
			children = (
				030983421E27258A00429269 /* LoginView */,
				030D57CE1E59E16500EE1BD9 /* SendMessage */,
				03B553DC1E1A736C0023EF9A /* addFriends */,
				0311CDC91E3C6FF4005AAB4D /* SettingView */,
			);
			name = ViewController;
			sourceTree = "<group>";
		};
		0311CDC91E3C6FF4005AAB4D /* SettingView */ = {
			isa = PBXGroup;
			children = (
				0311CDC71E3C6FE4005AAB4D /* SettingViewController.swift */,
			);
			name = SettingView;
			sourceTree = "<group>";
		};
		0313A4DD1E1F969800FEC135 /* FireBase */ = {
			isa = PBXGroup;
			children = (
				034EB2A01E6692FE00044A14 /* MyFireBase.swift */,
				034EB29E1E66924F00044A14 /* FirebaseAuth.swift */,
				034EB2AC1E6742FE00044A14 /* FirebaseFriend.swift */,
				031AE3F81E2BDC4E00B38E66 /* MessageUtility.swift */,
			);
			name = FireBase;
			sourceTree = "<group>";
		};
		0313A4E51E1F972300FEC135 /* Model */ = {
			isa = PBXGroup;
			children = (
				034EB2A81E66C83300044A14 /*  Database.swift */,
				0313A4E61E1F973700FEC135 /* FriendInfo.swift */,
				034EB2A41E669D1800044A14 /* MyUser.swift */,
				031AE3F61E2BDC3C00B38E66 /* Message.swift */,
				034EB2A61E66B70E00044A14 /* Myprofile.swift */,
			);
			name = Model;
			sourceTree = "<group>";
		};
		038B5F341E6857DA00197111 /* AVFoundation */ = {
			isa = PBXGroup;
			children = (
				038B5F351E68586200197111 /* QRCodeScanner.swift */,
			);
			name = AVFoundation;
			sourceTree = "<group>";
		};
		03B553DC1E1A736C0023EF9A /* addFriends */ = {
			isa = PBXGroup;
			children = (
				03914BC61E1A02FB002DDA3D /* AddFriendsViewController.swift */,
				0304E6621E23A7BE00E1BA9D /* AddFriendbyEmailViewController.swift */,
				030796341E26167B001C3471 /* AddFriendbyQRcodeViewController.swift */,
				03646A111E1B843E00A3910A /* QRcodeScannerView.swift */,
				03646A0F1E1B727C00A3910A /* MyQRCodeViewController.swift */,
				030AB84B1E2E5C3100CAFF41 /* AddFriendAccountViewController.swift */,
			);
			name = addFriends;
			sourceTree = "<group>";
		};
		03CEE7121DF8F4DD00745306 = {
			isa = PBXGroup;
			children = (
				030B74A01E236DE300B957D7 /* image */,
				03CEE71D1DF8F4DD00745306 /* Messaging APP */,
				03CEE7351DF8F4DD00745306 /* Messaging APPTests */,
				03CEE7401DF8F4DD00745306 /* Messaging APPUITests */,
				03CEE71C1DF8F4DD00745306 /* Products */,
				8BFB749C4F5E77EF3897CC54 /* Pods */,
				DDCD81E987993128470C17A1 /* Frameworks */,
			);
			sourceTree = "<group>";
		};
		03CEE71C1DF8F4DD00745306 /* Products */ = {
			isa = PBXGroup;
			children = (
				03CEE71B1DF8F4DD00745306 /* Messaging APP.app */,
				03CEE7321DF8F4DD00745306 /* Messaging APPTests.xctest */,
				03CEE73D1DF8F4DD00745306 /* Messaging APPUITests.xctest */,
			);
			name = Products;
			sourceTree = "<group>";
		};
		03CEE71D1DF8F4DD00745306 /* Messaging APP */ = {
			isa = PBXGroup;
			children = (
				030EFBF41E21E58E0004DB62 /* ViewController */,
				030EFBF31E21E35F0004DB62 /* View */,
				0313A4E51E1F972300FEC135 /* Model */,
				0313A4DD1E1F969800FEC135 /* FireBase */,
				038B5F341E6857DA00197111 /* AVFoundation */,
				030B7CA61E1E4C5E00F519BF /* Protocol */,
				03C75F8D1DFFD948007B7736 /* Messaging APP.entitlements */,
				03CEE71E1DF8F4DD00745306 /* AppDelegate.swift */,
				030EFBFF1E21F13B0004DB62 /* Main.storyboard */,
				03E90A451E02B25900EA7DEC /* NewRegisterViewController.swift */,
				03CEE7281DF8F4DD00745306 /* Assets.xcassets */,
				03CEE72A1DF8F4DD00745306 /* LaunchScreen.storyboard */,
				03CEE72D1DF8F4DD00745306 /* Info.plist */,
				03CEE7251DF8F4DD00745306 /* Messaging_APP.xcdatamodeld */,
				03ACE3A01DF93EC600B1AF84 /* GoogleService-Info.plist */,
				0349AF6F1E099E8C0071670F /* CustomSegueToMap.swift */,
				03B5C0D91E18A6D80024DD1D /* ContactsListTableViewController.swift */,
				0313A4EA1E1F97F300FEC135 /* Constants.swift */,
				0313A4EB1E1F97F300FEC135 /* MyState.swift */,
			);
			path = "Messaging APP";
			sourceTree = "<group>";
		};
		03CEE7351DF8F4DD00745306 /* Messaging APPTests */ = {
			isa = PBXGroup;
			children = (
				03CEE7361DF8F4DD00745306 /* Messaging_APPTests.swift */,
				03CEE7381DF8F4DD00745306 /* Info.plist */,
			);
			path = "Messaging APPTests";
			sourceTree = "<group>";
		};
		03CEE7401DF8F4DD00745306 /* Messaging APPUITests */ = {
			isa = PBXGroup;
			children = (
				03CEE7411DF8F4DD00745306 /* Messaging_APPUITests.swift */,
				03CEE7431DF8F4DD00745306 /* Info.plist */,
			);
			path = "Messaging APPUITests";
			sourceTree = "<group>";
		};
		8BFB749C4F5E77EF3897CC54 /* Pods */ = {
			isa = PBXGroup;
			children = (
				30AC5538FCCE4431C6864CFA /* Pods-Messaging APP.debug.xcconfig */,
				11D4B6B9253F09D81A066AAF /* Pods-Messaging APP.release.xcconfig */,
				EB69C3FB0D5D9E9AD3E6527A /* Pods-Messaging APPTests.debug.xcconfig */,
				21FB5A2CB7979F2CDEC33F1B /* Pods-Messaging APPTests.release.xcconfig */,
				9ED18DE4147DC080FC2BD05C /* Pods-Messaging APPUITests.debug.xcconfig */,
				DF22D49A548F96CBEF136F27 /* Pods-Messaging APPUITests.release.xcconfig */,
			);
			name = Pods;
			sourceTree = "<group>";
		};
		DDCD81E987993128470C17A1 /* Frameworks */ = {
			isa = PBXGroup;
			children = (
				03CD69641E1CCB7500A22177 /* AVFoundation.framework */,
				D240D5BA988CD0616AF0DB2C /* Pods_Messaging_APP.framework */,
				49851DF1FB656D0F81880B01 /* Pods_Messaging_APPTests.framework */,
				DB8BBF4C844DFFE941629BEE /* Pods_Messaging_APPUITests.framework */,
			);
			name = Frameworks;
			sourceTree = "<group>";
		};
/* End PBXGroup section */

/* Begin PBXNativeTarget section */
		03CEE71A1DF8F4DD00745306 /* Messaging APP */ = {
			isa = PBXNativeTarget;
			buildConfigurationList = 03CEE7461DF8F4DD00745306 /* Build configuration list for PBXNativeTarget "Messaging APP" */;
			buildPhases = (
				DDD582CF24556FC2AB652BB2 /* [CP] Check Pods Manifest.lock */,
				03CEE7171DF8F4DD00745306 /* Sources */,
				03CEE7181DF8F4DD00745306 /* Frameworks */,
				03CEE7191DF8F4DD00745306 /* Resources */,
				6F9FD737CDC4B00FE02B7C37 /* [CP] Embed Pods Frameworks */,
				C6B1FF05090F06A43C5DD541 /* [CP] Copy Pods Resources */,
			);
			buildRules = (
			);
			dependencies = (
			);
			name = "Messaging APP";
			productName = "Messaging APP";
			productReference = 03CEE71B1DF8F4DD00745306 /* Messaging APP.app */;
			productType = "com.apple.product-type.application";
		};
		03CEE7311DF8F4DD00745306 /* Messaging APPTests */ = {
			isa = PBXNativeTarget;
			buildConfigurationList = 03CEE7491DF8F4DD00745306 /* Build configuration list for PBXNativeTarget "Messaging APPTests" */;
			buildPhases = (
				EC4B951B8931A402F895DDA5 /* [CP] Check Pods Manifest.lock */,
				03CEE72E1DF8F4DD00745306 /* Sources */,
				03CEE72F1DF8F4DD00745306 /* Frameworks */,
				03CEE7301DF8F4DD00745306 /* Resources */,
				2D9099EDFE3C21D97131531A /* [CP] Embed Pods Frameworks */,
				E824D1653D00EB1A045AEB5B /* [CP] Copy Pods Resources */,
			);
			buildRules = (
			);
			dependencies = (
				03CEE7341DF8F4DD00745306 /* PBXTargetDependency */,
			);
			name = "Messaging APPTests";
			productName = "Messaging APPTests";
			productReference = 03CEE7321DF8F4DD00745306 /* Messaging APPTests.xctest */;
			productType = "com.apple.product-type.bundle.unit-test";
		};
		03CEE73C1DF8F4DD00745306 /* Messaging APPUITests */ = {
			isa = PBXNativeTarget;
			buildConfigurationList = 03CEE74C1DF8F4DD00745306 /* Build configuration list for PBXNativeTarget "Messaging APPUITests" */;
			buildPhases = (
				5B0D04FF8A018B5DD4CF7D5C /* [CP] Check Pods Manifest.lock */,
				03CEE7391DF8F4DD00745306 /* Sources */,
				03CEE73A1DF8F4DD00745306 /* Frameworks */,
				03CEE73B1DF8F4DD00745306 /* Resources */,
				F16331AB93266B6C926D57A5 /* [CP] Copy Pods Resources */,
				2BF6AD028D875507EBD2CD5A /* [CP] Embed Pods Frameworks */,
			);
			buildRules = (
			);
			dependencies = (
				03CEE73F1DF8F4DD00745306 /* PBXTargetDependency */,
			);
			name = "Messaging APPUITests";
			productName = "Messaging APPUITests";
			productReference = 03CEE73D1DF8F4DD00745306 /* Messaging APPUITests.xctest */;
			productType = "com.apple.product-type.bundle.ui-testing";
		};
/* End PBXNativeTarget section */

/* Begin PBXProject section */
		03CEE7131DF8F4DD00745306 /* Project object */ = {
			isa = PBXProject;
			attributes = {
				LastSwiftUpdateCheck = 0810;
				LastUpgradeCheck = 0810;
				ORGANIZATIONNAME = "iris shen";
				TargetAttributes = {
					03CEE71A1DF8F4DD00745306 = {
						CreatedOnToolsVersion = 8.1;
						DevelopmentTeam = 25684JW57F;
						ProvisioningStyle = Automatic;
						SystemCapabilities = {
							com.apple.Keychain = {
								enabled = 1;
							};
						};
					};
					03CEE7311DF8F4DD00745306 = {
						CreatedOnToolsVersion = 8.1;
						ProvisioningStyle = Automatic;
						TestTargetID = 03CEE71A1DF8F4DD00745306;
					};
					03CEE73C1DF8F4DD00745306 = {
						CreatedOnToolsVersion = 8.1;
						ProvisioningStyle = Automatic;
						TestTargetID = 03CEE71A1DF8F4DD00745306;
					};
				};
			};
			buildConfigurationList = 03CEE7161DF8F4DD00745306 /* Build configuration list for PBXProject "Messaging APP" */;
			compatibilityVersion = "Xcode 3.2";
			developmentRegion = English;
			hasScannedForEncodings = 0;
			knownRegions = (
				en,
				Base,
			);
			mainGroup = 03CEE7121DF8F4DD00745306;
			productRefGroup = 03CEE71C1DF8F4DD00745306 /* Products */;
			projectDirPath = "";
			projectRoot = "";
			targets = (
				03CEE71A1DF8F4DD00745306 /* Messaging APP */,
				03CEE7311DF8F4DD00745306 /* Messaging APPTests */,
				03CEE73C1DF8F4DD00745306 /* Messaging APPUITests */,
			);
		};
/* End PBXProject section */

/* Begin PBXResourcesBuildPhase section */
		03CEE7191DF8F4DD00745306 /* Resources */ = {
			isa = PBXResourcesBuildPhase;
			buildActionMask = 2147483647;
			files = (
				03AA41F51E26A2B600BF5352 /* MyQRCodeView.xib in Resources */,
				0323ED611E52EEEC00A442B2 /* Find01.png in Resources */,
				0304ECE91E2C8F2000A75C2A /* send@1x.png in Resources */,
				030B74A61E23702B00B957D7 /* Magnifier.png in Resources */,
				031AE4001E2BDCD300B38E66 /* SendMessageHeaderView.xib in Resources */,
				030EFBF91E21ED250004DB62 /* SignUpView.xib in Resources */,
				030B2A451E233D25009AD521 /* AddFriendbyEmailView.xib in Resources */,
				0304ECF01E2CA3B400A75C2A /* backArrow.png in Resources */,
				03CEE72C1DF8F4DD00745306 /* LaunchScreen.storyboard in Resources */,
				03ACE3A11DF93EC600B1AF84 /* GoogleService-Info.plist in Resources */,
				030EB3CE1E2713B900F7802A /* AddFriendMainView.xib in Resources */,
				030AB8481E2E185400CAFF41 /* AddFriendAccountView.xib in Resources */,
				030EFC001E21F13B0004DB62 /* Main.storyboard in Resources */,
				0323ED631E52F58100A442B2 /* qr-code.png in Resources */,
				03022B9C1E1F795900EBC50E /* LoginView.xib in Resources */,
				03712B671E44859C006E8512 /* userLogo.png in Resources */,
				030D57D51E59E59100EE1BD9 /* SearchPositionView.xib in Resources */,
				03CEE7291DF8F4DD00745306 /* Assets.xcassets in Resources */,
				030FC0241E2541EF000D192B /* AddFriendByQRCodeView.xib in Resources */,
			);
			runOnlyForDeploymentPostprocessing = 0;
		};
		03CEE7301DF8F4DD00745306 /* Resources */ = {
			isa = PBXResourcesBuildPhase;
			buildActionMask = 2147483647;
			files = (
			);
			runOnlyForDeploymentPostprocessing = 0;
		};
		03CEE73B1DF8F4DD00745306 /* Resources */ = {
			isa = PBXResourcesBuildPhase;
			buildActionMask = 2147483647;
			files = (
			);
			runOnlyForDeploymentPostprocessing = 0;
		};
/* End PBXResourcesBuildPhase section */

/* Begin PBXShellScriptBuildPhase section */
		2BF6AD028D875507EBD2CD5A /* [CP] Embed Pods Frameworks */ = {
			isa = PBXShellScriptBuildPhase;
			buildActionMask = 2147483647;
			files = (
			);
			inputPaths = (
			);
			name = "[CP] Embed Pods Frameworks";
			outputPaths = (
			);
			runOnlyForDeploymentPostprocessing = 0;
			shellPath = /bin/sh;
			shellScript = "\"${SRCROOT}/Pods/Target Support Files/Pods-Messaging APPUITests/Pods-Messaging APPUITests-frameworks.sh\"\n";
			showEnvVarsInLog = 0;
		};
		2D9099EDFE3C21D97131531A /* [CP] Embed Pods Frameworks */ = {
			isa = PBXShellScriptBuildPhase;
			buildActionMask = 2147483647;
			files = (
			);
			inputPaths = (
			);
			name = "[CP] Embed Pods Frameworks";
			outputPaths = (
			);
			runOnlyForDeploymentPostprocessing = 0;
			shellPath = /bin/sh;
			shellScript = "\"${SRCROOT}/Pods/Target Support Files/Pods-Messaging APPTests/Pods-Messaging APPTests-frameworks.sh\"\n";
			showEnvVarsInLog = 0;
		};
		5B0D04FF8A018B5DD4CF7D5C /* [CP] Check Pods Manifest.lock */ = {
			isa = PBXShellScriptBuildPhase;
			buildActionMask = 2147483647;
			files = (
			);
			inputPaths = (
			);
			name = "[CP] Check Pods Manifest.lock";
			outputPaths = (
			);
			runOnlyForDeploymentPostprocessing = 0;
			shellPath = /bin/sh;
			shellScript = "diff \"${PODS_ROOT}/../Podfile.lock\" \"${PODS_ROOT}/Manifest.lock\" > /dev/null\nif [ $? != 0 ] ; then\n    # print error to STDERR\n    echo \"error: The sandbox is not in sync with the Podfile.lock. Run 'pod install' or update your CocoaPods installation.\" >&2\n    exit 1\nfi\n";
			showEnvVarsInLog = 0;
		};
		6F9FD737CDC4B00FE02B7C37 /* [CP] Embed Pods Frameworks */ = {
			isa = PBXShellScriptBuildPhase;
			buildActionMask = 2147483647;
			files = (
			);
			inputPaths = (
			);
			name = "[CP] Embed Pods Frameworks";
			outputPaths = (
			);
			runOnlyForDeploymentPostprocessing = 0;
			shellPath = /bin/sh;
			shellScript = "\"${SRCROOT}/Pods/Target Support Files/Pods-Messaging APP/Pods-Messaging APP-frameworks.sh\"\n";
			showEnvVarsInLog = 0;
		};
		C6B1FF05090F06A43C5DD541 /* [CP] Copy Pods Resources */ = {
			isa = PBXShellScriptBuildPhase;
			buildActionMask = 2147483647;
			files = (
			);
			inputPaths = (
			);
			name = "[CP] Copy Pods Resources";
			outputPaths = (
			);
			runOnlyForDeploymentPostprocessing = 0;
			shellPath = /bin/sh;
			shellScript = "\"${SRCROOT}/Pods/Target Support Files/Pods-Messaging APP/Pods-Messaging APP-resources.sh\"\n";
			showEnvVarsInLog = 0;
		};
		DDD582CF24556FC2AB652BB2 /* [CP] Check Pods Manifest.lock */ = {
			isa = PBXShellScriptBuildPhase;
			buildActionMask = 2147483647;
			files = (
			);
			inputPaths = (
			);
			name = "[CP] Check Pods Manifest.lock";
			outputPaths = (
			);
			runOnlyForDeploymentPostprocessing = 0;
			shellPath = /bin/sh;
			shellScript = "diff \"${PODS_ROOT}/../Podfile.lock\" \"${PODS_ROOT}/Manifest.lock\" > /dev/null\nif [ $? != 0 ] ; then\n    # print error to STDERR\n    echo \"error: The sandbox is not in sync with the Podfile.lock. Run 'pod install' or update your CocoaPods installation.\" >&2\n    exit 1\nfi\n";
			showEnvVarsInLog = 0;
		};
		E824D1653D00EB1A045AEB5B /* [CP] Copy Pods Resources */ = {
			isa = PBXShellScriptBuildPhase;
			buildActionMask = 2147483647;
			files = (
			);
			inputPaths = (
			);
			name = "[CP] Copy Pods Resources";
			outputPaths = (
			);
			runOnlyForDeploymentPostprocessing = 0;
			shellPath = /bin/sh;
			shellScript = "\"${SRCROOT}/Pods/Target Support Files/Pods-Messaging APPTests/Pods-Messaging APPTests-resources.sh\"\n";
			showEnvVarsInLog = 0;
		};
		EC4B951B8931A402F895DDA5 /* [CP] Check Pods Manifest.lock */ = {
			isa = PBXShellScriptBuildPhase;
			buildActionMask = 2147483647;
			files = (
			);
			inputPaths = (
			);
			name = "[CP] Check Pods Manifest.lock";
			outputPaths = (
			);
			runOnlyForDeploymentPostprocessing = 0;
			shellPath = /bin/sh;
			shellScript = "diff \"${PODS_ROOT}/../Podfile.lock\" \"${PODS_ROOT}/Manifest.lock\" > /dev/null\nif [ $? != 0 ] ; then\n    # print error to STDERR\n    echo \"error: The sandbox is not in sync with the Podfile.lock. Run 'pod install' or update your CocoaPods installation.\" >&2\n    exit 1\nfi\n";
			showEnvVarsInLog = 0;
		};
		F16331AB93266B6C926D57A5 /* [CP] Copy Pods Resources */ = {
			isa = PBXShellScriptBuildPhase;
			buildActionMask = 2147483647;
			files = (
			);
			inputPaths = (
			);
			name = "[CP] Copy Pods Resources";
			outputPaths = (
			);
			runOnlyForDeploymentPostprocessing = 0;
			shellPath = /bin/sh;
			shellScript = "\"${SRCROOT}/Pods/Target Support Files/Pods-Messaging APPUITests/Pods-Messaging APPUITests-resources.sh\"\n";
			showEnvVarsInLog = 0;
		};
/* End PBXShellScriptBuildPhase section */

/* Begin PBXSourcesBuildPhase section */
		03CEE7171DF8F4DD00745306 /* Sources */ = {
			isa = PBXSourcesBuildPhase;
			buildActionMask = 2147483647;
			files = (
				0313A4EC1E1F97F300FEC135 /* Constants.swift in Sources */,
				03CEE7271DF8F4DD00745306 /* Messaging_APP.xcdatamodeld in Sources */,
				034EB2A71E66B70E00044A14 /* Myprofile.swift in Sources */,
				0304E6631E23A7BE00E1BA9D /* AddFriendbyEmailViewController.swift in Sources */,
				03AA41F11E265AB800BF5352 /* MyQRCodeView.swift in Sources */,
				031AE3F71E2BDC3C00B38E66 /* Message.swift in Sources */,
				031AE4011E2BDCD300B38E66 /* SendMessageHeaderView.swift in Sources */,
				030AB84C1E2E5C3100CAFF41 /* AddFriendAccountViewController.swift in Sources */,
				030A6F871E2BB9B70074E53F /* FriendListViewController.swift in Sources */,
				03CEE71F1DF8F4DD00745306 /* AppDelegate.swift in Sources */,
				034EB2A91E66C83300044A14 /*  Database.swift in Sources */,
				03E251DA1E0133E600424511 /* LoginViewController.swift in Sources */,
				030EFBF61E21ECBA0004DB62 /* SignUpViewController.swift in Sources */,
				030B2A471E233D73009AD521 /* AddFriendbyEmailView.swift in Sources */,
				038B5F361E68586200197111 /* QRCodeScanner.swift in Sources */,
				03E90A461E02B25900EA7DEC /* NewRegisterViewController.swift in Sources */,
				030FC0261E2542F6000D192B /* AddFriendByQRCodeView.swift in Sources */,
				036B8B5A1E6859A0001D2100 /* QRCodeProtocel.swift in Sources */,
				030EB3D01E2713DE00F7802A /* AddFriendMainView.swift in Sources */,
				03914BC71E1A02FB002DDA3D /* AddFriendsViewController.swift in Sources */,
				0313A4ED1E1F97F300FEC135 /* MyState.swift in Sources */,
				034EB2A31E6699D200044A14 /* AuthProtocol.swift in Sources */,
				03646A121E1B843E00A3910A /* QRcodeScannerView.swift in Sources */,
				031AE3F91E2BDC4E00B38E66 /* MessageUtility.swift in Sources */,
				0349AF701E099E8C0071670F /* CustomSegueToMap.swift in Sources */,
				03106FA41E53357F0061933D /* AddFriendAccountView.swift in Sources */,
				030D57D71E59E5F900EE1BD9 /* SearchPositionView.swift in Sources */,
				0311CDC81E3C6FE4005AAB4D /* SettingViewController.swift in Sources */,
				0349AF6E1E0968330071670F /* MapViewController.swift in Sources */,
				034EB2AB1E672BCD00044A14 /* FriendshipProtocol.swift in Sources */,
				03B5C0DA1E18A6D80024DD1D /* ContactsListTableViewController.swift in Sources */,
				034EB2A11E6692FE00044A14 /* MyFireBase.swift in Sources */,
				034EB2A51E669D1800044A14 /* MyUser.swift in Sources */,
				03022B9D1E1F795900EBC50E /* LoginView.swift in Sources */,
				034EB29F1E66924F00044A14 /* FirebaseAuth.swift in Sources */,
				031AE3FB1E2BDC8800B38E66 /* MessageViewController.swift in Sources */,
				030EFBFA1E21ED250004DB62 /* SignUpView.swift in Sources */,
				034EB2AD1E6742FE00044A14 /* FirebaseFriend.swift in Sources */,
				030D57CC1E59DEAA00EE1BD9 /* SearchPositionViewController.swift in Sources */,
				030796351E26167B001C3471 /* AddFriendbyQRcodeViewController.swift in Sources */,
				03646A101E1B727C00A3910A /* MyQRCodeViewController.swift in Sources */,
				031AE3FD1E2BDC9000B38E66 /* InvitationViewController.swift in Sources */,
				0313A4E91E1F975500FEC135 /* AccountProtocol.swift in Sources */,
				0313A4E71E1F973700FEC135 /* FriendInfo.swift in Sources */,
			);
			runOnlyForDeploymentPostprocessing = 0;
		};
		03CEE72E1DF8F4DD00745306 /* Sources */ = {
			isa = PBXSourcesBuildPhase;
			buildActionMask = 2147483647;
			files = (
				03CEE7371DF8F4DD00745306 /* Messaging_APPTests.swift in Sources */,
			);
			runOnlyForDeploymentPostprocessing = 0;
		};
		03CEE7391DF8F4DD00745306 /* Sources */ = {
			isa = PBXSourcesBuildPhase;
			buildActionMask = 2147483647;
			files = (
				03CEE7421DF8F4DD00745306 /* Messaging_APPUITests.swift in Sources */,
			);
			runOnlyForDeploymentPostprocessing = 0;
		};
/* End PBXSourcesBuildPhase section */

/* Begin PBXTargetDependency section */
		03CEE7341DF8F4DD00745306 /* PBXTargetDependency */ = {
			isa = PBXTargetDependency;
			target = 03CEE71A1DF8F4DD00745306 /* Messaging APP */;
			targetProxy = 03CEE7331DF8F4DD00745306 /* PBXContainerItemProxy */;
		};
		03CEE73F1DF8F4DD00745306 /* PBXTargetDependency */ = {
			isa = PBXTargetDependency;
			target = 03CEE71A1DF8F4DD00745306 /* Messaging APP */;
			targetProxy = 03CEE73E1DF8F4DD00745306 /* PBXContainerItemProxy */;
		};
/* End PBXTargetDependency section */

/* Begin PBXVariantGroup section */
		03CEE72A1DF8F4DD00745306 /* LaunchScreen.storyboard */ = {
			isa = PBXVariantGroup;
			children = (
				03CEE72B1DF8F4DD00745306 /* Base */,
			);
			name = LaunchScreen.storyboard;
			sourceTree = "<group>";
		};
/* End PBXVariantGroup section */

/* Begin XCBuildConfiguration section */
		03CEE7441DF8F4DD00745306 /* Debug */ = {
			isa = XCBuildConfiguration;
			buildSettings = {
				ALWAYS_SEARCH_USER_PATHS = NO;
				CLANG_ANALYZER_NONNULL = YES;
				CLANG_CXX_LANGUAGE_STANDARD = "gnu++0x";
				CLANG_CXX_LIBRARY = "libc++";
				CLANG_ENABLE_MODULES = YES;
				CLANG_ENABLE_OBJC_ARC = YES;
				CLANG_WARN_BOOL_CONVERSION = YES;
				CLANG_WARN_CONSTANT_CONVERSION = YES;
				CLANG_WARN_DIRECT_OBJC_ISA_USAGE = YES_ERROR;
				CLANG_WARN_DOCUMENTATION_COMMENTS = YES;
				CLANG_WARN_EMPTY_BODY = YES;
				CLANG_WARN_ENUM_CONVERSION = YES;
				CLANG_WARN_INFINITE_RECURSION = YES;
				CLANG_WARN_INT_CONVERSION = YES;
				CLANG_WARN_OBJC_ROOT_CLASS = YES_ERROR;
				CLANG_WARN_SUSPICIOUS_MOVES = YES;
				CLANG_WARN_UNREACHABLE_CODE = YES;
				CLANG_WARN__DUPLICATE_METHOD_MATCH = YES;
				"CODE_SIGN_IDENTITY[sdk=iphoneos*]" = "iPhone Developer";
				COPY_PHASE_STRIP = NO;
				DEBUG_INFORMATION_FORMAT = dwarf;
				ENABLE_STRICT_OBJC_MSGSEND = YES;
				ENABLE_TESTABILITY = YES;
				GCC_C_LANGUAGE_STANDARD = gnu99;
				GCC_DYNAMIC_NO_PIC = NO;
				GCC_NO_COMMON_BLOCKS = YES;
				GCC_OPTIMIZATION_LEVEL = 0;
				GCC_PREPROCESSOR_DEFINITIONS = (
					"DEBUG=1",
					"$(inherited)",
				);
				GCC_WARN_64_TO_32_BIT_CONVERSION = YES;
				GCC_WARN_ABOUT_RETURN_TYPE = YES_ERROR;
				GCC_WARN_UNDECLARED_SELECTOR = YES;
				GCC_WARN_UNINITIALIZED_AUTOS = YES_AGGRESSIVE;
				GCC_WARN_UNUSED_FUNCTION = YES;
				GCC_WARN_UNUSED_VARIABLE = YES;
				IPHONEOS_DEPLOYMENT_TARGET = 10.2;
				MTL_ENABLE_DEBUG_INFO = YES;
				ONLY_ACTIVE_ARCH = YES;
				SDKROOT = iphoneos;
				SWIFT_ACTIVE_COMPILATION_CONDITIONS = DEBUG;
				SWIFT_OPTIMIZATION_LEVEL = "-Onone";
			};
			name = Debug;
		};
		03CEE7451DF8F4DD00745306 /* Release */ = {
			isa = XCBuildConfiguration;
			buildSettings = {
				ALWAYS_SEARCH_USER_PATHS = NO;
				CLANG_ANALYZER_NONNULL = YES;
				CLANG_CXX_LANGUAGE_STANDARD = "gnu++0x";
				CLANG_CXX_LIBRARY = "libc++";
				CLANG_ENABLE_MODULES = YES;
				CLANG_ENABLE_OBJC_ARC = YES;
				CLANG_WARN_BOOL_CONVERSION = YES;
				CLANG_WARN_CONSTANT_CONVERSION = YES;
				CLANG_WARN_DIRECT_OBJC_ISA_USAGE = YES_ERROR;
				CLANG_WARN_DOCUMENTATION_COMMENTS = YES;
				CLANG_WARN_EMPTY_BODY = YES;
				CLANG_WARN_ENUM_CONVERSION = YES;
				CLANG_WARN_INFINITE_RECURSION = YES;
				CLANG_WARN_INT_CONVERSION = YES;
				CLANG_WARN_OBJC_ROOT_CLASS = YES_ERROR;
				CLANG_WARN_SUSPICIOUS_MOVES = YES;
				CLANG_WARN_UNREACHABLE_CODE = YES;
				CLANG_WARN__DUPLICATE_METHOD_MATCH = YES;
				CODE_SIGN_IDENTITY = "iPhone Distribution";
				"CODE_SIGN_IDENTITY[sdk=iphoneos*]" = "iPhone Developer";
				COPY_PHASE_STRIP = NO;
				DEBUG_INFORMATION_FORMAT = "dwarf-with-dsym";
				ENABLE_NS_ASSERTIONS = NO;
				ENABLE_STRICT_OBJC_MSGSEND = YES;
				GCC_C_LANGUAGE_STANDARD = gnu99;
				GCC_NO_COMMON_BLOCKS = YES;
				GCC_WARN_64_TO_32_BIT_CONVERSION = YES;
				GCC_WARN_ABOUT_RETURN_TYPE = YES_ERROR;
				GCC_WARN_UNDECLARED_SELECTOR = YES;
				GCC_WARN_UNINITIALIZED_AUTOS = YES_AGGRESSIVE;
				GCC_WARN_UNUSED_FUNCTION = YES;
				GCC_WARN_UNUSED_VARIABLE = YES;
				IPHONEOS_DEPLOYMENT_TARGET = 10.2;
				MTL_ENABLE_DEBUG_INFO = NO;
				SDKROOT = iphoneos;
				SWIFT_OPTIMIZATION_LEVEL = "-Owholemodule";
				VALIDATE_PRODUCT = YES;
			};
			name = Release;
		};
		03CEE7471DF8F4DD00745306 /* Debug */ = {
			isa = XCBuildConfiguration;
			baseConfigurationReference = 30AC5538FCCE4431C6864CFA /* Pods-Messaging APP.debug.xcconfig */;
			buildSettings = {
				ASSETCATALOG_COMPILER_APPICON_NAME = AppIcon;
				CODE_SIGN_ENTITLEMENTS = "Messaging APP/Messaging APP.entitlements";
				DEVELOPMENT_TEAM = 25684JW57F;
				FRAMEWORK_SEARCH_PATHS = (
					"$(inherited)",
					"\"${PODS_ROOT}/FirebaseAnalytics/Frameworks/frameworks\"",
					"\"${PODS_ROOT}/FirebaseAuth/Frameworks/frameworks\"",
					"\"${PODS_ROOT}/FirebaseDatabase/Frameworks\"",
					"\"${PODS_ROOT}/FirebaseInstanceID/Frameworks/frameworks\"",
					"\"${PODS_ROOT}/GoogleInterchangeUtilities/Frameworks\"",
					"\"${PODS_ROOT}/GoogleMaps/Subspecs/Base/Frameworks\"",
					"\"${PODS_ROOT}/GoogleMaps/Subspecs/Maps/Frameworks\"",
					"\"${PODS_ROOT}/GoogleNetworkingUtilities/Frameworks\"",
					"\"${PODS_ROOT}/GoogleParsingUtilities/Frameworks\"",
					"\"${PODS_ROOT}/GooglePlaces/Frameworks\"",
					"\"${PODS_ROOT}/GoogleSymbolUtilities/Frameworks\"",
					"\"${PODS_ROOT}/GoogleUtilities/Frameworks\"",
					"/Users/{user}/path-to-framework-parent-directory",
				);
				INFOPLIST_FILE = "Messaging APP/Info.plist";
				LD_RUNPATH_SEARCH_PATHS = "$(inherited) @executable_path/Frameworks";
				PRODUCT_BUNDLE_IDENTIFIER = "yewuihc.Messaging-APP";
				PRODUCT_NAME = "$(TARGET_NAME)";
				SWIFT_VERSION = 3.0;
			};
			name = Debug;
		};
		03CEE7481DF8F4DD00745306 /* Release */ = {
			isa = XCBuildConfiguration;
			baseConfigurationReference = 11D4B6B9253F09D81A066AAF /* Pods-Messaging APP.release.xcconfig */;
			buildSettings = {
				ASSETCATALOG_COMPILER_APPICON_NAME = AppIcon;
				CODE_SIGN_ENTITLEMENTS = "Messaging APP/Messaging APP.entitlements";
				DEVELOPMENT_TEAM = 25684JW57F;
				FRAMEWORK_SEARCH_PATHS = (
					"$(inherited)",
					"\"${PODS_ROOT}/FirebaseAnalytics/Frameworks/frameworks\"",
					"\"${PODS_ROOT}/FirebaseAuth/Frameworks/frameworks\"",
					"\"${PODS_ROOT}/FirebaseDatabase/Frameworks\"",
					"\"${PODS_ROOT}/FirebaseInstanceID/Frameworks/frameworks\"",
					"\"${PODS_ROOT}/GoogleInterchangeUtilities/Frameworks\"",
					"\"${PODS_ROOT}/GoogleMaps/Subspecs/Base/Frameworks\"",
					"\"${PODS_ROOT}/GoogleMaps/Subspecs/Maps/Frameworks\"",
					"\"${PODS_ROOT}/GoogleNetworkingUtilities/Frameworks\"",
					"\"${PODS_ROOT}/GoogleParsingUtilities/Frameworks\"",
					"\"${PODS_ROOT}/GooglePlaces/Frameworks\"",
					"\"${PODS_ROOT}/GoogleSymbolUtilities/Frameworks\"",
					"\"${PODS_ROOT}/GoogleUtilities/Frameworks\"",
					"/Users/{user}/path-to-framework-parent-directory",
				);
				INFOPLIST_FILE = "Messaging APP/Info.plist";
				LD_RUNPATH_SEARCH_PATHS = "$(inherited) @executable_path/Frameworks";
				PRODUCT_BUNDLE_IDENTIFIER = "yewuihc.Messaging-APP";
				PRODUCT_NAME = "$(TARGET_NAME)";
				SWIFT_VERSION = 3.0;
			};
			name = Release;
		};
		03CEE74A1DF8F4DD00745306 /* Debug */ = {
			isa = XCBuildConfiguration;
			baseConfigurationReference = EB69C3FB0D5D9E9AD3E6527A /* Pods-Messaging APPTests.debug.xcconfig */;
			buildSettings = {
				ALWAYS_EMBED_SWIFT_STANDARD_LIBRARIES = YES;
				BUNDLE_LOADER = "$(TEST_HOST)";
				INFOPLIST_FILE = "Messaging APPTests/Info.plist";
				LD_RUNPATH_SEARCH_PATHS = "$(inherited) @executable_path/Frameworks @loader_path/Frameworks";
				PRODUCT_BUNDLE_IDENTIFIER = "yewuihc.Messaging-APPTests";
				PRODUCT_NAME = "$(TARGET_NAME)";
				SWIFT_VERSION = 3.0;
				TEST_HOST = "$(BUILT_PRODUCTS_DIR)/Messaging APP.app/Messaging APP";
			};
			name = Debug;
		};
		03CEE74B1DF8F4DD00745306 /* Release */ = {
			isa = XCBuildConfiguration;
			baseConfigurationReference = 21FB5A2CB7979F2CDEC33F1B /* Pods-Messaging APPTests.release.xcconfig */;
			buildSettings = {
				ALWAYS_EMBED_SWIFT_STANDARD_LIBRARIES = YES;
				BUNDLE_LOADER = "$(TEST_HOST)";
				INFOPLIST_FILE = "Messaging APPTests/Info.plist";
				LD_RUNPATH_SEARCH_PATHS = "$(inherited) @executable_path/Frameworks @loader_path/Frameworks";
				PRODUCT_BUNDLE_IDENTIFIER = "yewuihc.Messaging-APPTests";
				PRODUCT_NAME = "$(TARGET_NAME)";
				SWIFT_VERSION = 3.0;
				TEST_HOST = "$(BUILT_PRODUCTS_DIR)/Messaging APP.app/Messaging APP";
			};
			name = Release;
		};
		03CEE74D1DF8F4DD00745306 /* Debug */ = {
			isa = XCBuildConfiguration;
			baseConfigurationReference = 9ED18DE4147DC080FC2BD05C /* Pods-Messaging APPUITests.debug.xcconfig */;
			buildSettings = {
				ALWAYS_EMBED_SWIFT_STANDARD_LIBRARIES = YES;
				INFOPLIST_FILE = "Messaging APPUITests/Info.plist";
				LD_RUNPATH_SEARCH_PATHS = "$(inherited) @executable_path/Frameworks @loader_path/Frameworks";
				PRODUCT_BUNDLE_IDENTIFIER = "yewuihc.Messaging-APPUITests";
				PRODUCT_NAME = "$(TARGET_NAME)";
				SWIFT_VERSION = 3.0;
				TEST_TARGET_NAME = "Messaging APP";
			};
			name = Debug;
		};
		03CEE74E1DF8F4DD00745306 /* Release */ = {
			isa = XCBuildConfiguration;
			baseConfigurationReference = DF22D49A548F96CBEF136F27 /* Pods-Messaging APPUITests.release.xcconfig */;
			buildSettings = {
				ALWAYS_EMBED_SWIFT_STANDARD_LIBRARIES = YES;
				INFOPLIST_FILE = "Messaging APPUITests/Info.plist";
				LD_RUNPATH_SEARCH_PATHS = "$(inherited) @executable_path/Frameworks @loader_path/Frameworks";
				PRODUCT_BUNDLE_IDENTIFIER = "yewuihc.Messaging-APPUITests";
				PRODUCT_NAME = "$(TARGET_NAME)";
				SWIFT_VERSION = 3.0;
				TEST_TARGET_NAME = "Messaging APP";
			};
			name = Release;
		};
/* End XCBuildConfiguration section */

/* Begin XCConfigurationList section */
		03CEE7161DF8F4DD00745306 /* Build configuration list for PBXProject "Messaging APP" */ = {
			isa = XCConfigurationList;
			buildConfigurations = (
				03CEE7441DF8F4DD00745306 /* Debug */,
				03CEE7451DF8F4DD00745306 /* Release */,
			);
			defaultConfigurationIsVisible = 0;
			defaultConfigurationName = Release;
		};
		03CEE7461DF8F4DD00745306 /* Build configuration list for PBXNativeTarget "Messaging APP" */ = {
			isa = XCConfigurationList;
			buildConfigurations = (
				03CEE7471DF8F4DD00745306 /* Debug */,
				03CEE7481DF8F4DD00745306 /* Release */,
			);
			defaultConfigurationIsVisible = 0;
			defaultConfigurationName = Release;
		};
		03CEE7491DF8F4DD00745306 /* Build configuration list for PBXNativeTarget "Messaging APPTests" */ = {
			isa = XCConfigurationList;
			buildConfigurations = (
				03CEE74A1DF8F4DD00745306 /* Debug */,
				03CEE74B1DF8F4DD00745306 /* Release */,
			);
			defaultConfigurationIsVisible = 0;
			defaultConfigurationName = Release;
		};
		03CEE74C1DF8F4DD00745306 /* Build configuration list for PBXNativeTarget "Messaging APPUITests" */ = {
			isa = XCConfigurationList;
			buildConfigurations = (
				03CEE74D1DF8F4DD00745306 /* Debug */,
				03CEE74E1DF8F4DD00745306 /* Release */,
			);
			defaultConfigurationIsVisible = 0;
			defaultConfigurationName = Release;
		};
/* End XCConfigurationList section */

/* Begin XCVersionGroup section */
		03CEE7251DF8F4DD00745306 /* Messaging_APP.xcdatamodeld */ = {
			isa = XCVersionGroup;
			children = (
				03CEE7261DF8F4DD00745306 /* Messaging_APP.xcdatamodel */,
			);
			currentVersion = 03CEE7261DF8F4DD00745306 /* Messaging_APP.xcdatamodel */;
			path = Messaging_APP.xcdatamodeld;
			sourceTree = "<group>";
			versionGroupType = wrapper.xcdatamodel;
		};
/* End XCVersionGroup section */
	};
	rootObject = 03CEE7131DF8F4DD00745306 /* Project object */;
}
